version: 1.0
shards:
  amq-protocol:
    github: cloudamqp/amq-protocol.cr
    version: 0.3.4

  amqp-client:
    github: cloudamqp/amqp-client.cr
    version: 0.5.6

  awscr-s3:
    github: taylorfinnell/awscr-s3
    version: 0.7.0

  awscr-signer:
    github: taylorfinnell/awscr-signer
    version: 0.7.0

  dotenv:
    github: drum445/dotenv
    version: 0.3.0

  neo4j:
    github: jgaskins/neo4j.cr
    commit: bdb6f14795c435d6a4544a0b520f8397303c47bc

  pool:
    github: ysbaddaden/pool
    version: 0.2.3

  redis:
    github: stefanwille/crystal-redis
    version: 2.5.3

