version: 1.0
shards:
  amq-protocol:
    github: cloudamqp/amq-protocol.cr
    version: 0.3.3

  amqp-client:
    github: cloudamqp/amqp-client.cr
    version: 0.4.5

  dotenv:
    github: drum445/dotenv
    version: 0.3.0

  neo4j:
    github: jgaskins/neo4j.cr
    commit: dd32fcb996ec23012fc156c9ef11118b0cc974d4

  pool:
    github: ysbaddaden/pool
    version: 0.2.3

  redis:
    github: stefanwille/crystal-redis
    version: 2.5.0

