version: 1.0
shards:
  amq-protocol:
    github: cloudamqp/amq-protocol.cr
    version: 0.3.3

  amqp-client:
    github: cloudamqp/amqp-client.cr
    version: 0.4.5

  awscr-s3:
    github: taylorfinnell/awscr-s3
    version: 0.7.0

  awscr-signer:
    github: taylorfinnell/awscr-signer
    version: 0.7.0

  dotenv:
    github: drum445/dotenv
    version: 0.3.0

  neo4j:
    github: jgaskins/neo4j.cr
    commit: 3605042df8706941c476961e07e9ba87ee89b8e2

  pool:
    github: ysbaddaden/pool
    version: 0.2.3

  redis:
    github: stefanwille/crystal-redis
    version: 2.5.3

